{
  "name": "reactmed",
  "version": "1.0.0",
  "lockfileVersion": 1,
  "requires": true,
  "dependencies": {
    "bootstrap": {
      "version": "3.3.7",
      "resolved": "https://registry.npmjs.org/bootstrap/-/bootstrap-3.3.7.tgz",
      "integrity": "sha1-WjiTlFSfIzMIdaOxUGVldPip63E="
    },
    "bootstrap-datetimepicker-npm": {
      "version": "4.17.37-npm",
      "resolved": "https://registry.npmjs.org/bootstrap-datetimepicker-npm/-/bootstrap-datetimepicker-npm-4.17.37-npm.tgz",
      "integrity": "sha1-ZGHJ+raW52IaRr6+KO0VAzPL2iY=",
      "requires": {
        "bootstrap": "3.3.7",
        "jquery": "2.1.4",
        "moment": "2.8.4",
        "moment-timezone": "0.4.1"
      },
      "dependencies": {
        "jquery": {
          "version": "2.1.4",
          "resolved": "https://registry.npmjs.org/jquery/-/jquery-2.1.4.tgz",
          "integrity": "sha1-IoveaYoMYUMdwmMKahVPFYkNIxc="
        }
      }
    },
    "jquery": {
      "version": "3.2.1",
      "resolved": "https://registry.npmjs.org/jquery/-/jquery-3.2.1.tgz",
      "integrity": "sha1-XE2d5lKvbNCncBVKYxu6ErAVx4c="
    },
    "moment": {
      "version": "2.8.4",
      "resolved": "https://registry.npmjs.org/moment/-/moment-2.8.4.tgz",
      "integrity": "sha1-zBdKq7GSI+//VpmpRngFoniYOL8="
    },
    "moment-timezone": {
      "version": "0.4.1",
      "resolved": "https://registry.npmjs.org/moment-timezone/-/moment-timezone-0.4.1.tgz",
      "integrity": "sha1-gfWYw61eIs2teWtn7NjYjQ9bqgY=",
      "requires": {
        "moment": "2.8.4"
      }
    }
  }
}
