{
  "name": "reactmed",
  "version": "1.0.0",
  "lockfileVersion": 1,
  "requires": true,
  "dependencies": {
    "bootbox": {
      "version": "4.4.0",
      "resolved": "https://registry.npmjs.org/bootbox/-/bootbox-4.4.0.tgz",
      "integrity": "sha1-/3+Jj7h9RSflR/62QVj4hFDRoMk="
    },
    "bootstrap": {
      "version": "3.3.7",
      "resolved": "https://registry.npmjs.org/bootstrap/-/bootstrap-3.3.7.tgz",
      "integrity": "sha1-WjiTlFSfIzMIdaOxUGVldPip63E="
    },
    "bootstrap-3-typeahead": {
      "version": "4.0.2",
      "resolved": "https://registry.npmjs.org/bootstrap-3-typeahead/-/bootstrap-3-typeahead-4.0.2.tgz",
      "integrity": "sha1-yxyWkESFaGIJb8jHHMIbOsu1BBI="
    },
    "bootstrap-datepicker": {
      "version": "1.7.1",
      "resolved": "https://registry.npmjs.org/bootstrap-datepicker/-/bootstrap-datepicker-1.7.1.tgz",
      "integrity": "sha1-Tuf680iI2+x4NPv52+fEJ34B3a8=",
      "requires": {
        "jquery": "3.2.1"
      }
    },
    "bootstrap-datetimepicker-npm": {
      "version": "4.17.37-npm",
      "resolved": "https://registry.npmjs.org/bootstrap-datetimepicker-npm/-/bootstrap-datetimepicker-npm-4.17.37-npm.tgz",
      "integrity": "sha1-ZGHJ+raW52IaRr6+KO0VAzPL2iY=",
      "requires": {
        "bootstrap": "3.3.7",
        "jquery": "2.1.4",
        "moment": "2.8.4",
        "moment-timezone": "0.4.1"
      },
      "dependencies": {
        "jquery": {
          "version": "2.1.4",
          "resolved": "https://registry.npmjs.org/jquery/-/jquery-2.1.4.tgz",
          "integrity": "sha1-IoveaYoMYUMdwmMKahVPFYkNIxc="
        }
      }
    },
    "dom": {
      "version": "0.0.2",
      "resolved": "https://registry.npmjs.org/dom/-/dom-0.0.2.tgz",
      "integrity": "sha1-4V+3WV4ym9Enj8yFjQ97jPOOS1E="
    },
    "form-serializer": {
      "version": "2.5.0",
      "resolved": "https://registry.npmjs.org/form-serializer/-/form-serializer-2.5.0.tgz",
      "integrity": "sha1-yuovrLwbzuf2VdkTZwcTPz+staM="
    },
    "jquery": {
      "version": "3.2.1",
      "resolved": "https://registry.npmjs.org/jquery/-/jquery-3.2.1.tgz",
      "integrity": "sha1-XE2d5lKvbNCncBVKYxu6ErAVx4c="
    },
    "moment": {
      "version": "2.8.4",
      "resolved": "https://registry.npmjs.org/moment/-/moment-2.8.4.tgz",
      "integrity": "sha1-zBdKq7GSI+//VpmpRngFoniYOL8="
    },
    "moment-timezone": {
      "version": "0.4.1",
      "resolved": "https://registry.npmjs.org/moment-timezone/-/moment-timezone-0.4.1.tgz",
      "integrity": "sha1-gfWYw61eIs2teWtn7NjYjQ9bqgY=",
      "requires": {
        "moment": "2.8.4"
      }
    },
    "typeahead": {
      "version": "0.2.2",
      "resolved": "https://registry.npmjs.org/typeahead/-/typeahead-0.2.2.tgz",
      "integrity": "sha1-FADg8oLOZ9M5j8NKYu1eGCTFkps=",
      "requires": {
        "dom": "0.0.2",
        "xtend": "1.0.3"
      }
    },
    "xtend": {
      "version": "1.0.3",
      "resolved": "https://registry.npmjs.org/xtend/-/xtend-1.0.3.tgz",
      "integrity": "sha1-P12Tc1PM7Y4IU5mlY/2yJUHClgo="
    }
  }
}
