{
  "name": "api",
  "version": "1.0.0",
  "lockfileVersion": 1,
  "requires": true,
  "dependencies": {
    "bootstrap-multiselect": {
      "version": "0.9.13-1",
      "resolved": "https://registry.npmjs.org/bootstrap-multiselect/-/bootstrap-multiselect-0.9.13-1.tgz",
      "integrity": "sha1-LFfO4mCxjX8BpO3Z1l8l3wQl/So="
    },
    "bootstrap-select": {
      "version": "1.12.4",
      "resolved": "https://registry.npmjs.org/bootstrap-select/-/bootstrap-select-1.12.4.tgz",
      "integrity": "sha1-fxXTwM6XiGjZwJxw+WYk9V+gLuE=",
      "requires": {
        "jquery": "3.3.1"
      }
    },
    "jquery": {
      "version": "3.3.1",
      "resolved": "https://registry.npmjs.org/jquery/-/jquery-3.3.1.tgz",
      "integrity": "sha512-Ubldcmxp5np52/ENotGxlLe6aGMvmF4R8S6tZjsP6Knsaxd/xp3Zrh50cG93lR6nPXyUFwzN3ZSOQI0wRJNdGg=="
    }
  }
}
